
Microsoft Visual Studio Solution File, Format Version 12.00
# Visual Studio Version 16
VisualStudioVersion = 16.0.30105.148
MinimumVisualStudioVersion = 10.0.40219.1
Project("{FAE04EC0-301F-11D3-BF4B-00C04F79EFBC}") = "BlazorApp1", "BlazorApp1\BlazorApp1.csproj", "{D6ED14B3-7BEE-4E75-B553-8B743DC2406B}"
EndProject
Global
	GlobalSection(SolutionConfigurationPlatforms) = preSolution
		Debug|Any CPU = Debug|Any CPU
		Release|Any CPU = Release|Any CPU
	EndGlobalSection
	GlobalSection(ProjectConfigurationPlatforms) = postSolution
		{D6ED14B3-7BEE-4E75-B553-8B743DC2406B}.Debug|Any CPU.ActiveCfg = Debug|Any CPU
		{D6ED14B3-7BEE-4E75-B553-8B743DC2406B}.Debug|Any CPU.Build.0 = Debug|Any CPU
		{D6ED14B3-7BEE-4E75-B553-8B743DC2406B}.Release|Any CPU.ActiveCfg = Release|Any CPU
		{D6ED14B3-7BEE-4E75-B553-8B743DC2406B}.Release|Any CPU.Build.0 = Release|Any CPU
	EndGlobalSection
	GlobalSection(SolutionProperties) = preSolution
		HideSolutionNode = FALSE
	EndGlobalSection
	GlobalSection(ExtensibilityGlobals) = postSolution
		SolutionGuid = {890792AF-04A5-4F8E-A385-C5792291B45B}
	EndGlobalSection
EndGlobal
